
Microsoft Visual Studio Solution File, Format Version 12.00
Project("{FAE04EC0-301F-11D3-BF4B-00C04F79EFBC}") = "SocketClient", "SocketClient\SocketClient.csproj", "{AEC8C729-BC1A-4200-A6E7-BF4151BE7A18}"
EndProject
Project("{FAE04EC0-301F-11D3-BF4B-00C04F79EFBC}") = "SocketServer", "SocketServer\SocketServer.csproj", "{B5F0869B-FA11-48F0-92FF-C1F79DDDAD4D}"
EndProject
Global
	GlobalSection(SolutionConfigurationPlatforms) = preSolution
		Debug|Any CPU = Debug|Any CPU
		Release|Any CPU = Release|Any CPU
	EndGlobalSection
	GlobalSection(ProjectConfigurationPlatforms) = postSolution
		{AEC8C729-BC1A-4200-A6E7-BF4151BE7A18}.Debug|Any CPU.ActiveCfg = Debug|Any CPU
		{AEC8C729-BC1A-4200-A6E7-BF4151BE7A18}.Debug|Any CPU.Build.0 = Debug|Any CPU
		{AEC8C729-BC1A-4200-A6E7-BF4151BE7A18}.Release|Any CPU.ActiveCfg = Release|Any CPU
		{AEC8C729-BC1A-4200-A6E7-BF4151BE7A18}.Release|Any CPU.Build.0 = Release|Any CPU
		{B5F0869B-FA11-48F0-92FF-C1F79DDDAD4D}.Debug|Any CPU.ActiveCfg = Debug|Any CPU
		{B5F0869B-FA11-48F0-92FF-C1F79DDDAD4D}.Debug|Any CPU.Build.0 = Debug|Any CPU
		{B5F0869B-FA11-48F0-92FF-C1F79DDDAD4D}.Release|Any CPU.ActiveCfg = Release|Any CPU
		{B5F0869B-FA11-48F0-92FF-C1F79DDDAD4D}.Release|Any CPU.Build.0 = Release|Any CPU
	EndGlobalSection
EndGlobal
